
Microsoft Visual Studio Solution File, Format Version 12.00
# Visual Studio 14
VisualStudioVersion = 14.0.25123.0
MinimumVisualStudioVersion = 10.0.40219.1
Project("{40FA5592-DF56-415C-BEA1-7630FA3C88A2}") = "Sitecore.Support.156916", "Sitecore.Support.156916\Sitecore.Support.156916.csproj", "{8A876CEF-9937-4C12-91C7-1A6F046CC6D2}"
EndProject
Global
	GlobalSection(SolutionConfigurationPlatforms) = preSolution
		Debug|Any CPU = Debug|Any CPU
		Release|Any CPU = Release|Any CPU
	EndGlobalSection
	GlobalSection(ProjectConfigurationPlatforms) = postSolution
		{8A876CEF-9937-4C12-91C7-1A6F046CC6D2}.Debug|Any CPU.ActiveCfg = Debug|Any CPU
		{8A876CEF-9937-4C12-91C7-1A6F046CC6D2}.Debug|Any CPU.Build.0 = Debug|Any CPU
		{8A876CEF-9937-4C12-91C7-1A6F046CC6D2}.Release|Any CPU.ActiveCfg = Release|Any CPU
		{8A876CEF-9937-4C12-91C7-1A6F046CC6D2}.Release|Any CPU.Build.0 = Release|Any CPU
	EndGlobalSection
	GlobalSection(SolutionProperties) = preSolution
		HideSolutionNode = FALSE
	EndGlobalSection
EndGlobal
